
Microsoft Visual Studio Solution File, Format Version 12.00
# Visual Studio 14
VisualStudioVersion = 14.0.25420.1
MinimumVisualStudioVersion = 10.0.40219.1
Project("{FAE04EC0-301F-11D3-BF4B-00C04F79EFBC}") = "TinhGiaInOffset.BDO", "TinhGiaInOffset.DBO\TinhGiaInOffset.BDO.csproj", "{05EFB8C3-2A96-4C6C-9777-741C538EACC5}"
EndProject
Project("{FAE04EC0-301F-11D3-BF4B-00C04F79EFBC}") = "TinhGiaInOffset.Common", "TinhGiaInOffset.Common\TinhGiaInOffset.Common.csproj", "{A6F61D03-406C-414C-8297-BE3DCAB82DC2}"
EndProject
Project("{FAE04EC0-301F-11D3-BF4B-00C04F79EFBC}") = "TinhGiaInOffset.DAL", "TinhGiaInOffset.DAL\TinhGiaInOffset.DAL.csproj", "{23ED853D-BC84-47F2-9FD2-5D58D9A42FE4}"
EndProject
Project("{FAE04EC0-301F-11D3-BF4B-00C04F79EFBC}") = "TinhGiaInOffset.Logic", "TinhGiaInOffset.Logic\TinhGiaInOffset.Logic.csproj", "{043936CB-D986-4B06-A0AB-FC0B9D54F35E}"
EndProject
Project("{FAE04EC0-301F-11D3-BF4B-00C04F79EFBC}") = "TinhGiaInOffset.WFUI", "TinhGiaInOffset.WFUI\TinhGiaInOffset.WFUI.csproj", "{855A2AFB-1605-4AD7-99C3-8391C4C5BD30}"
EndProject
Global
	GlobalSection(SolutionConfigurationPlatforms) = preSolution
		Debug|Any CPU = Debug|Any CPU
		Debug|x86 = Debug|x86
		Release|Any CPU = Release|Any CPU
		Release|x86 = Release|x86
	EndGlobalSection
	GlobalSection(ProjectConfigurationPlatforms) = postSolution
		{05EFB8C3-2A96-4C6C-9777-741C538EACC5}.Debug|Any CPU.ActiveCfg = Debug|Any CPU
		{05EFB8C3-2A96-4C6C-9777-741C538EACC5}.Debug|Any CPU.Build.0 = Debug|Any CPU
		{05EFB8C3-2A96-4C6C-9777-741C538EACC5}.Debug|x86.ActiveCfg = Debug|Any CPU
		{05EFB8C3-2A96-4C6C-9777-741C538EACC5}.Debug|x86.Build.0 = Debug|Any CPU
		{05EFB8C3-2A96-4C6C-9777-741C538EACC5}.Release|Any CPU.ActiveCfg = Release|Any CPU
		{05EFB8C3-2A96-4C6C-9777-741C538EACC5}.Release|Any CPU.Build.0 = Release|Any CPU
		{05EFB8C3-2A96-4C6C-9777-741C538EACC5}.Release|x86.ActiveCfg = Release|Any CPU
		{05EFB8C3-2A96-4C6C-9777-741C538EACC5}.Release|x86.Build.0 = Release|Any CPU
		{A6F61D03-406C-414C-8297-BE3DCAB82DC2}.Debug|Any CPU.ActiveCfg = Debug|Any CPU
		{A6F61D03-406C-414C-8297-BE3DCAB82DC2}.Debug|Any CPU.Build.0 = Debug|Any CPU
		{A6F61D03-406C-414C-8297-BE3DCAB82DC2}.Debug|x86.ActiveCfg = Debug|Any CPU
		{A6F61D03-406C-414C-8297-BE3DCAB82DC2}.Debug|x86.Build.0 = Debug|Any CPU
		{A6F61D03-406C-414C-8297-BE3DCAB82DC2}.Release|Any CPU.ActiveCfg = Release|Any CPU
		{A6F61D03-406C-414C-8297-BE3DCAB82DC2}.Release|Any CPU.Build.0 = Release|Any CPU
		{A6F61D03-406C-414C-8297-BE3DCAB82DC2}.Release|x86.ActiveCfg = Release|Any CPU
		{A6F61D03-406C-414C-8297-BE3DCAB82DC2}.Release|x86.Build.0 = Release|Any CPU
		{23ED853D-BC84-47F2-9FD2-5D58D9A42FE4}.Debug|Any CPU.ActiveCfg = Debug|Any CPU
		{23ED853D-BC84-47F2-9FD2-5D58D9A42FE4}.Debug|Any CPU.Build.0 = Debug|Any CPU
		{23ED853D-BC84-47F2-9FD2-5D58D9A42FE4}.Debug|x86.ActiveCfg = Debug|Any CPU
		{23ED853D-BC84-47F2-9FD2-5D58D9A42FE4}.Debug|x86.Build.0 = Debug|Any CPU
		{23ED853D-BC84-47F2-9FD2-5D58D9A42FE4}.Release|Any CPU.ActiveCfg = Release|Any CPU
		{23ED853D-BC84-47F2-9FD2-5D58D9A42FE4}.Release|Any CPU.Build.0 = Release|Any CPU
		{23ED853D-BC84-47F2-9FD2-5D58D9A42FE4}.Release|x86.ActiveCfg = Release|Any CPU
		{23ED853D-BC84-47F2-9FD2-5D58D9A42FE4}.Release|x86.Build.0 = Release|Any CPU
		{043936CB-D986-4B06-A0AB-FC0B9D54F35E}.Debug|Any CPU.ActiveCfg = Debug|Any CPU
		{043936CB-D986-4B06-A0AB-FC0B9D54F35E}.Debug|Any CPU.Build.0 = Debug|Any CPU
		{043936CB-D986-4B06-A0AB-FC0B9D54F35E}.Debug|x86.ActiveCfg = Debug|Any CPU
		{043936CB-D986-4B06-A0AB-FC0B9D54F35E}.Debug|x86.Build.0 = Debug|Any CPU
		{043936CB-D986-4B06-A0AB-FC0B9D54F35E}.Release|Any CPU.ActiveCfg = Release|Any CPU
		{043936CB-D986-4B06-A0AB-FC0B9D54F35E}.Release|Any CPU.Build.0 = Release|Any CPU
		{043936CB-D986-4B06-A0AB-FC0B9D54F35E}.Release|x86.ActiveCfg = Release|Any CPU
		{043936CB-D986-4B06-A0AB-FC0B9D54F35E}.Release|x86.Build.0 = Release|Any CPU
		{855A2AFB-1605-4AD7-99C3-8391C4C5BD30}.Debug|Any CPU.ActiveCfg = Debug|x86
		{855A2AFB-1605-4AD7-99C3-8391C4C5BD30}.Debug|Any CPU.Build.0 = Debug|x86
		{855A2AFB-1605-4AD7-99C3-8391C4C5BD30}.Debug|x86.ActiveCfg = Debug|x86
		{855A2AFB-1605-4AD7-99C3-8391C4C5BD30}.Debug|x86.Build.0 = Debug|x86
		{855A2AFB-1605-4AD7-99C3-8391C4C5BD30}.Release|Any CPU.ActiveCfg = Release|x86
		{855A2AFB-1605-4AD7-99C3-8391C4C5BD30}.Release|x86.ActiveCfg = Release|x86
		{855A2AFB-1605-4AD7-99C3-8391C4C5BD30}.Release|x86.Build.0 = Release|x86
	EndGlobalSection
	GlobalSection(SolutionProperties) = preSolution
		HideSolutionNode = FALSE
	EndGlobalSection
EndGlobal
